
Microsoft Visual Studio Solution File, Format Version 12.00
# Visual Studio Version 17
VisualStudioVersion = 17.6.33829.357
MinimumVisualStudioVersion = 10.0.40219.1
Project("{FAE04EC0-301F-11D3-BF4B-00C04F79EFBC}") = "CheesecakeFactory.Web", "CheesecakeFactory.Web\CheesecakeFactory.Web.csproj", "{CC445EA5-42A2-4285-87AC-CC08B8453FB1}"
EndProject
Project("{FAE04EC0-301F-11D3-BF4B-00C04F79EFBC}") = "CheesecakeFactory.Data", "CheesecakeFactory.Data\CheesecakeFactory.Data.csproj", "{EDCFE2D2-0A4E-4984-A4D8-5D1698DC57B5}"
EndProject
Global
	GlobalSection(SolutionConfigurationPlatforms) = preSolution
		Debug|Any CPU = Debug|Any CPU
		Release|Any CPU = Release|Any CPU
	EndGlobalSection
	GlobalSection(ProjectConfigurationPlatforms) = postSolution
		{CC445EA5-42A2-4285-87AC-CC08B8453FB1}.Debug|Any CPU.ActiveCfg = Debug|Any CPU
		{CC445EA5-42A2-4285-87AC-CC08B8453FB1}.Debug|Any CPU.Build.0 = Debug|Any CPU
		{CC445EA5-42A2-4285-87AC-CC08B8453FB1}.Release|Any CPU.ActiveCfg = Release|Any CPU
		{CC445EA5-42A2-4285-87AC-CC08B8453FB1}.Release|Any CPU.Build.0 = Release|Any CPU
		{EDCFE2D2-0A4E-4984-A4D8-5D1698DC57B5}.Debug|Any CPU.ActiveCfg = Debug|Any CPU
		{EDCFE2D2-0A4E-4984-A4D8-5D1698DC57B5}.Debug|Any CPU.Build.0 = Debug|Any CPU
		{EDCFE2D2-0A4E-4984-A4D8-5D1698DC57B5}.Release|Any CPU.ActiveCfg = Release|Any CPU
		{EDCFE2D2-0A4E-4984-A4D8-5D1698DC57B5}.Release|Any CPU.Build.0 = Release|Any CPU
	EndGlobalSection
	GlobalSection(SolutionProperties) = preSolution
		HideSolutionNode = FALSE
	EndGlobalSection
	GlobalSection(ExtensibilityGlobals) = postSolution
		SolutionGuid = {E074A41A-6295-4619-BA03-906EA0FA91D9}
	EndGlobalSection
EndGlobal
